
Microsoft Visual Studio Solution File, Format Version 12.00
# Visual Studio Version 17
VisualStudioVersion = 17.5.33627.172
MinimumVisualStudioVersion = 10.0.40219.1
Project("{FAE04EC0-301F-11D3-BF4B-00C04F79EFBC}") = "Assesment 1 Part 5", "Assesment 1 Part 5\Assesment 1 Part 5.csproj", "{CD0FD81B-C6FF-4627-8A80-51FB1CF07A66}"
EndProject
Global
	GlobalSection(SolutionConfigurationPlatforms) = preSolution
		Debug|ARM = Debug|ARM
		Debug|ARM64 = Debug|ARM64
		Debug|x64 = Debug|x64
		Debug|x86 = Debug|x86
		Release|ARM = Release|ARM
		Release|ARM64 = Release|ARM64
		Release|x64 = Release|x64
		Release|x86 = Release|x86
	EndGlobalSection
	GlobalSection(ProjectConfigurationPlatforms) = postSolution
		{CD0FD81B-C6FF-4627-8A80-51FB1CF07A66}.Debug|ARM.ActiveCfg = Debug|ARM
		{CD0FD81B-C6FF-4627-8A80-51FB1CF07A66}.Debug|ARM.Build.0 = Debug|ARM
		{CD0FD81B-C6FF-4627-8A80-51FB1CF07A66}.Debug|ARM.Deploy.0 = Debug|ARM
		{CD0FD81B-C6FF-4627-8A80-51FB1CF07A66}.Debug|ARM64.ActiveCfg = Debug|ARM64
		{CD0FD81B-C6FF-4627-8A80-51FB1CF07A66}.Debug|ARM64.Build.0 = Debug|ARM64
		{CD0FD81B-C6FF-4627-8A80-51FB1CF07A66}.Debug|ARM64.Deploy.0 = Debug|ARM64
		{CD0FD81B-C6FF-4627-8A80-51FB1CF07A66}.Debug|x64.ActiveCfg = Debug|x64
		{CD0FD81B-C6FF-4627-8A80-51FB1CF07A66}.Debug|x64.Build.0 = Debug|x64
		{CD0FD81B-C6FF-4627-8A80-51FB1CF07A66}.Debug|x64.Deploy.0 = Debug|x64
		{CD0FD81B-C6FF-4627-8A80-51FB1CF07A66}.Debug|x86.ActiveCfg = Debug|x86
		{CD0FD81B-C6FF-4627-8A80-51FB1CF07A66}.Debug|x86.Build.0 = Debug|x86
		{CD0FD81B-C6FF-4627-8A80-51FB1CF07A66}.Debug|x86.Deploy.0 = Debug|x86
		{CD0FD81B-C6FF-4627-8A80-51FB1CF07A66}.Release|ARM.ActiveCfg = Release|ARM
		{CD0FD81B-C6FF-4627-8A80-51FB1CF07A66}.Release|ARM.Build.0 = Release|ARM
		{CD0FD81B-C6FF-4627-8A80-51FB1CF07A66}.Release|ARM.Deploy.0 = Release|ARM
		{CD0FD81B-C6FF-4627-8A80-51FB1CF07A66}.Release|ARM64.ActiveCfg = Release|ARM64
		{CD0FD81B-C6FF-4627-8A80-51FB1CF07A66}.Release|ARM64.Build.0 = Release|ARM64
		{CD0FD81B-C6FF-4627-8A80-51FB1CF07A66}.Release|ARM64.Deploy.0 = Release|ARM64
		{CD0FD81B-C6FF-4627-8A80-51FB1CF07A66}.Release|x64.ActiveCfg = Release|x64
		{CD0FD81B-C6FF-4627-8A80-51FB1CF07A66}.Release|x64.Build.0 = Release|x64
		{CD0FD81B-C6FF-4627-8A80-51FB1CF07A66}.Release|x64.Deploy.0 = Release|x64
		{CD0FD81B-C6FF-4627-8A80-51FB1CF07A66}.Release|x86.ActiveCfg = Release|x86
		{CD0FD81B-C6FF-4627-8A80-51FB1CF07A66}.Release|x86.Build.0 = Release|x86
		{CD0FD81B-C6FF-4627-8A80-51FB1CF07A66}.Release|x86.Deploy.0 = Release|x86
	EndGlobalSection
	GlobalSection(SolutionProperties) = preSolution
		HideSolutionNode = FALSE
	EndGlobalSection
	GlobalSection(ExtensibilityGlobals) = postSolution
		SolutionGuid = {5A54CBF1-8DF7-4C6A-92EF-8B94232AD00D}
	EndGlobalSection
EndGlobal
